
Microsoft Visual Studio Solution File, Format Version 12.00
# Visual Studio Version 17
VisualStudioVersion = 17.3.32825.248
MinimumVisualStudioVersion = 10.0.40219.1
Project("{FAE04EC0-301F-11D3-BF4B-00C04F79EFBC}") = "AnimatedUI", "AnimatedUI\AnimatedUI.csproj", "{CDED2FD0-978B-4A6F-A320-68D0262A1F0B}"
EndProject
Global
	GlobalSection(SolutionConfigurationPlatforms) = preSolution
		Debug|Any CPU = Debug|Any CPU
		Release|Any CPU = Release|Any CPU
	EndGlobalSection
	GlobalSection(ProjectConfigurationPlatforms) = postSolution
		{CDED2FD0-978B-4A6F-A320-68D0262A1F0B}.Debug|Any CPU.ActiveCfg = Debug|Any CPU
		{CDED2FD0-978B-4A6F-A320-68D0262A1F0B}.Debug|Any CPU.Build.0 = Debug|Any CPU
		{CDED2FD0-978B-4A6F-A320-68D0262A1F0B}.Release|Any CPU.ActiveCfg = Release|Any CPU
		{CDED2FD0-978B-4A6F-A320-68D0262A1F0B}.Release|Any CPU.Build.0 = Release|Any CPU
	EndGlobalSection
	GlobalSection(SolutionProperties) = preSolution
		HideSolutionNode = FALSE
	EndGlobalSection
	GlobalSection(ExtensibilityGlobals) = postSolution
		SolutionGuid = {129D5F8D-0C05-4FEA-BE8D-8386572B0722}
	EndGlobalSection
EndGlobal
